
Microsoft Visual Studio Solution File, Format Version 12.00
# Visual Studio Version 17
VisualStudioVersion = 17.5.33516.290
MinimumVisualStudioVersion = 10.0.40219.1
Project("{FAE04EC0-301F-11D3-BF4B-00C04F79EFBC}") = "project for git hub and azure repo", "project for git hub and azure repo\project for git hub and azure repo.csproj", "{67036ECD-DEF4-41AA-B151-E6833022ECDD}"
EndProject
Global
	GlobalSection(SolutionConfigurationPlatforms) = preSolution
		Debug|Any CPU = Debug|Any CPU
		Release|Any CPU = Release|Any CPU
	EndGlobalSection
	GlobalSection(ProjectConfigurationPlatforms) = postSolution
		{67036ECD-DEF4-41AA-B151-E6833022ECDD}.Debug|Any CPU.ActiveCfg = Debug|Any CPU
		{67036ECD-DEF4-41AA-B151-E6833022ECDD}.Debug|Any CPU.Build.0 = Debug|Any CPU
		{67036ECD-DEF4-41AA-B151-E6833022ECDD}.Release|Any CPU.ActiveCfg = Release|Any CPU
		{67036ECD-DEF4-41AA-B151-E6833022ECDD}.Release|Any CPU.Build.0 = Release|Any CPU
	EndGlobalSection
	GlobalSection(SolutionProperties) = preSolution
		HideSolutionNode = FALSE
	EndGlobalSection
	GlobalSection(ExtensibilityGlobals) = postSolution
		SolutionGuid = {06AAC5DE-213A-49CC-92D5-87E2083941E7}
	EndGlobalSection
EndGlobal
